
Microsoft Visual Studio Solution File, Format Version 12.00
# Visual Studio Version 16
VisualStudioVersion = 16.0.29318.209
MinimumVisualStudioVersion = 10.0.40219.1
Project("{9A19103F-16F7-4668-BE54-9A1E7A4F7556}") = "WebAPI", "WebAPI.csproj", "{5156543E-19E5-4A39-8A9C-3847D446E783}"
EndProject
Project("{9A19103F-16F7-4668-BE54-9A1E7A4F7556}") = "Core", "..\Core\Core.csproj", "{CA24357A-FE5E-44EA-8466-834EC85BA6AD}"
EndProject
Global
	GlobalSection(SolutionConfigurationPlatforms) = preSolution
		Debug|Any CPU = Debug|Any CPU
		Release|Any CPU = Release|Any CPU
	EndGlobalSection
	GlobalSection(ProjectConfigurationPlatforms) = postSolution
		{5156543E-19E5-4A39-8A9C-3847D446E783}.Debug|Any CPU.ActiveCfg = Debug|Any CPU
		{5156543E-19E5-4A39-8A9C-3847D446E783}.Debug|Any CPU.Build.0 = Debug|Any CPU
		{5156543E-19E5-4A39-8A9C-3847D446E783}.Release|Any CPU.ActiveCfg = Release|Any CPU
		{5156543E-19E5-4A39-8A9C-3847D446E783}.Release|Any CPU.Build.0 = Release|Any CPU
		{CA24357A-FE5E-44EA-8466-834EC85BA6AD}.Debug|Any CPU.ActiveCfg = Debug|Any CPU
		{CA24357A-FE5E-44EA-8466-834EC85BA6AD}.Debug|Any CPU.Build.0 = Debug|Any CPU
		{CA24357A-FE5E-44EA-8466-834EC85BA6AD}.Release|Any CPU.ActiveCfg = Release|Any CPU
		{CA24357A-FE5E-44EA-8466-834EC85BA6AD}.Release|Any CPU.Build.0 = Release|Any CPU
	EndGlobalSection
	GlobalSection(SolutionProperties) = preSolution
		HideSolutionNode = FALSE
	EndGlobalSection
	GlobalSection(ExtensibilityGlobals) = postSolution
		SolutionGuid = {826EE72F-07D3-40DD-B802-2647EF09A3CA}
	EndGlobalSection
EndGlobal
