
Microsoft Visual Studio Solution File, Format Version 12.00
# Visual Studio Version 16
VisualStudioVersion = 16.0.29230.47
MinimumVisualStudioVersion = 10.0.40219.1
Project("{FAE04EC0-301F-11D3-BF4B-00C04F79EFBC}") = "WebAPI", "WebAPI\WebAPI.csproj", "{3605FA46-8B91-49A1-B03E-80F5F56EA67D}"
EndProject
Project("{FAE04EC0-301F-11D3-BF4B-00C04F79EFBC}") = "Core", "Core\Core.csproj", "{F626DAEC-334A-47CF-91D7-883506F2BCBC}"
EndProject
Global
	GlobalSection(SolutionConfigurationPlatforms) = preSolution
		Debug|Any CPU = Debug|Any CPU
		Release|Any CPU = Release|Any CPU
	EndGlobalSection
	GlobalSection(ProjectConfigurationPlatforms) = postSolution
		{3605FA46-8B91-49A1-B03E-80F5F56EA67D}.Debug|Any CPU.ActiveCfg = Debug|Any CPU
		{3605FA46-8B91-49A1-B03E-80F5F56EA67D}.Debug|Any CPU.Build.0 = Debug|Any CPU
		{3605FA46-8B91-49A1-B03E-80F5F56EA67D}.Release|Any CPU.ActiveCfg = Release|Any CPU
		{3605FA46-8B91-49A1-B03E-80F5F56EA67D}.Release|Any CPU.Build.0 = Release|Any CPU
		{F626DAEC-334A-47CF-91D7-883506F2BCBC}.Debug|Any CPU.ActiveCfg = Debug|Any CPU
		{F626DAEC-334A-47CF-91D7-883506F2BCBC}.Debug|Any CPU.Build.0 = Debug|Any CPU
		{F626DAEC-334A-47CF-91D7-883506F2BCBC}.Release|Any CPU.ActiveCfg = Release|Any CPU
		{F626DAEC-334A-47CF-91D7-883506F2BCBC}.Release|Any CPU.Build.0 = Release|Any CPU
	EndGlobalSection
	GlobalSection(SolutionProperties) = preSolution
		HideSolutionNode = FALSE
	EndGlobalSection
	GlobalSection(ExtensibilityGlobals) = postSolution
		SolutionGuid = {9700E54A-EEBF-41C5-9BC4-1CD563AF0AC1}
	EndGlobalSection
EndGlobal
